
Microsoft Visual Studio Solution File, Format Version 12.00
# Visual Studio Version 16
VisualStudioVersion = 16.0.29306.81
MinimumVisualStudioVersion = 10.0.40219.1
Project("{E24C65DC-7377-472B-9ABA-BC803B73C61A}") = "Practice4", "Practice4\", "{E6756E4F-3DBC-445F-874D-9DD52E8E6C68}"
	ProjectSection(WebsiteProperties) = preProject
		TargetFrameworkMoniker = ".NETFramework,Version%3Dv4.7.2"
		Debug.AspNetCompiler.VirtualPath = "/localhost_51195"
		Debug.AspNetCompiler.PhysicalPath = "Practice4\"
		Debug.AspNetCompiler.TargetPath = "PrecompiledWeb\localhost_51195\"
		Debug.AspNetCompiler.Updateable = "true"
		Debug.AspNetCompiler.ForceOverwrite = "true"
		Debug.AspNetCompiler.FixedNames = "false"
		Debug.AspNetCompiler.Debug = "True"
		Release.AspNetCompiler.VirtualPath = "/localhost_51195"
		Release.AspNetCompiler.PhysicalPath = "Practice4\"
		Release.AspNetCompiler.TargetPath = "PrecompiledWeb\localhost_51195\"
		Release.AspNetCompiler.Updateable = "true"
		Release.AspNetCompiler.ForceOverwrite = "true"
		Release.AspNetCompiler.FixedNames = "false"
		Release.AspNetCompiler.Debug = "False"
		VWDPort = "51195"
		SlnRelativePath = "Practice4\"
		DefaultWebSiteLanguage = "Visual C#"
	EndProjectSection
EndProject
Global
	GlobalSection(SolutionConfigurationPlatforms) = preSolution
		Debug|Any CPU = Debug|Any CPU
	EndGlobalSection
	GlobalSection(ProjectConfigurationPlatforms) = postSolution
		{E6756E4F-3DBC-445F-874D-9DD52E8E6C68}.Debug|Any CPU.ActiveCfg = Debug|Any CPU
		{E6756E4F-3DBC-445F-874D-9DD52E8E6C68}.Debug|Any CPU.Build.0 = Debug|Any CPU
	EndGlobalSection
	GlobalSection(SolutionProperties) = preSolution
		HideSolutionNode = FALSE
	EndGlobalSection
	GlobalSection(ExtensibilityGlobals) = postSolution
		SolutionGuid = {8292E71A-0F6C-469D-86B4-C819FCCDA5D5}
	EndGlobalSection
EndGlobal
